<?xml version="1.0" encoding="utf-8"?>
<Project ToolsVersion="4.0" xmlns="http://schemas.microsoft.com/developer/msbuild/2003">
  <ItemGroup>
    <Filter Include="소스 파일">
      <UniqueIdentifier>{4FC737F1-C7A5-4376-A066-2A32D752A2FF}</UniqueIdentifier>
      <Extensions>cpp;c;cc;cxx;c++;cppm;ixx;def;odl;idl;hpj;bat;asm;asmx</Extensions>
    </Filter>
    <Filter Include="헤더 파일">
      <UniqueIdentifier>{93995380-89BD-4b04-88EB-625FBE52EBFB}</UniqueIdentifier>
      <Extensions>h;hh;hpp;hxx;h++;hm;inl;inc;ipp;xsd</Extensions>
    </Filter>
    <Filter Include="리소스 파일">
      <UniqueIdentifier>{67DA6AB6-F800-4c08-8B7A-83BB121AAD01}</UniqueIdentifier>
      <Extensions>rc;ico;cur;bmp;dlg;rc2;rct;bin;rgs;gif;jpg;jpeg;jpe;resx;tiff;tif;png;wav;mfcribbon-ms</Extensions>
    </Filter>
  </ItemGroup>
  <ItemGroup>
    <ClInclude Include="FAS_PER_GUI.h">
      <Filter>헤더 파일</Filter>
    </ClInclude>
    <ClInclude Include="framework.h">
      <Filter>헤더 파일</Filter>
    </ClInclude>
    <ClInclude Include="targetver.h">
      <Filter>헤더 파일</Filter>
    </ClInclude>
    <ClInclude Include="MainFrm.h">
      <Filter>헤더 파일</Filter>
    </ClInclude>
    <ClInclude Include="Resource.h">
      <Filter>헤더 파일</Filter>
    </ClInclude>
    <ClInclude Include="pch.h">
      <Filter>헤더 파일</Filter>
    </ClInclude>
    <ClInclude Include="CMonitoringManager.h">
      <Filter>헤더 파일</Filter>
    </ClInclude>
    <ClInclude Include="CPaneDeviceInfo.h">
      <Filter>헤더 파일</Filter>
    </ClInclude>
    <ClInclude Include="CPaneOperationLOG.h">
      <Filter>헤더 파일</Filter>
    </ClInclude>
    <ClInclude Include="CMFCListCtrlEX.h">
      <Filter>헤더 파일</Filter>
    </ClInclude>
    <ClInclude Include="CStaticSignalDisplay.h">
      <Filter>헤더 파일</Filter>
    </ClInclude>
    <ClInclude Include="CMFCRibbonBarEx.h">
      <Filter>헤더 파일</Filter>
    </ClInclude>
    <ClInclude Include="CMultiDocTemplateEx.h">
      <Filter>헤더 파일</Filter>
    </ClInclude>
    <ClInclude Include="CStaticSignalDisplayForm.h">
      <Filter>헤더 파일</Filter>
    </ClInclude>
    <ClInclude Include="CStaticSignalDisplayGlobalForm.h">
      <Filter>헤더 파일</Filter>
    </ClInclude>
    <ClInclude Include="CDlgDeviceList.h">
      <Filter>헤더 파일</Filter>
    </ClInclude>
    <ClInclude Include="CDeviceList.h">
      <Filter>헤더 파일</Filter>
    </ClInclude>
    <ClInclude Include="CDeviceMotionGate.h">
      <Filter>헤더 파일</Filter>
    </ClInclude>
    <ClInclude Include="CDlgDeviceEditor.h">
      <Filter>헤더 파일</Filter>
    </ClInclude>
    <ClInclude Include="ColorStaticST.h">
      <Filter>헤더 파일</Filter>
    </ClInclude>
    <ClInclude Include="CDlgRename.h">
      <Filter>헤더 파일</Filter>
    </ClInclude>
    <ClInclude Include="CDataBaseManager.h">
      <Filter>헤더 파일</Filter>
    </ClInclude>
    <ClInclude Include="CViewRestoration.h">
      <Filter>헤더 파일</Filter>
    </ClInclude>
    <ClInclude Include="CViewBackup.h">
      <Filter>헤더 파일</Filter>
    </ClInclude>
    <ClInclude Include="CDocDevice.h">
      <Filter>헤더 파일</Filter>
    </ClInclude>
    <ClInclude Include="CViewDevice.h">
      <Filter>헤더 파일</Filter>
    </ClInclude>
    <ClInclude Include="CMFCButtonEx.h">
      <Filter>헤더 파일</Filter>
    </ClInclude>
    <ClInclude Include="CViewFactoryReset.h">
      <Filter>헤더 파일</Filter>
    </ClInclude>
    <ClInclude Include="CViewAssign.h">
      <Filter>헤더 파일</Filter>
    </ClInclude>
    <ClInclude Include="CMFCCaptionBarEx.h">
      <Filter>헤더 파일</Filter>
    </ClInclude>
    <ClInclude Include="CViewDeviceConfig.h">
      <Filter>헤더 파일</Filter>
    </ClInclude>
    <ClInclude Include="Define_Message.h">
      <Filter>헤더 파일</Filter>
    </ClInclude>
    <ClInclude Include="CSheetBackup.h">
      <Filter>헤더 파일</Filter>
    </ClInclude>
    <ClInclude Include="CMFCPropertySheetEx.h">
      <Filter>헤더 파일</Filter>
    </ClInclude>
    <ClInclude Include="CPageBackup.h">
      <Filter>헤더 파일</Filter>
    </ClInclude>
    <ClInclude Include="CPageProject.h">
      <Filter>헤더 파일</Filter>
    </ClInclude>
    <ClInclude Include="CSheetRestoration.h">
      <Filter>헤더 파일</Filter>
    </ClInclude>
    <ClInclude Include="CPageRestorationMethod.h">
      <Filter>헤더 파일</Filter>
    </ClInclude>
    <ClInclude Include="CPageRestorationConfirm.h">
      <Filter>헤더 파일</Filter>
    </ClInclude>
    <ClInclude Include="CSheetFactoryReset.h">
      <Filter>헤더 파일</Filter>
    </ClInclude>
    <ClInclude Include="CPageFactoryResetSelect.h">
      <Filter>헤더 파일</Filter>
    </ClInclude>
    <ClInclude Include="CPageFactoryResetConfirm.h">
      <Filter>헤더 파일</Filter>
    </ClInclude>
    <ClInclude Include="CSheetAssignID.h">
      <Filter>헤더 파일</Filter>
    </ClInclude>
    <ClInclude Include="CMFCPropertyPageEx.h">
      <Filter>헤더 파일</Filter>
    </ClInclude>
    <ClInclude Include="CPageAssignSelect.h">
      <Filter>헤더 파일</Filter>
    </ClInclude>
    <ClInclude Include="CPageAssignConfirm.h">
      <Filter>헤더 파일</Filter>
    </ClInclude>
    <ClInclude Include="CPageRestorationSelect.h">
      <Filter>헤더 파일</Filter>
    </ClInclude>
    <ClInclude Include="CPageRestorationCompare.h">
      <Filter>헤더 파일</Filter>
    </ClInclude>
    <ClInclude Include="CPageRestorationRead.h">
      <Filter>헤더 파일</Filter>
    </ClInclude>
    <ClInclude Include="CStaticImageViewer.h">
      <Filter>헤더 파일</Filter>
    </ClInclude>
    <ClInclude Include="CDlgManageBackup.h">
      <Filter>헤더 파일</Filter>
    </ClInclude>
    <ClInclude Include="CSheetLogin.h">
      <Filter>헤더 파일</Filter>
    </ClInclude>
    <ClInclude Include="CPageLoginUserID.h">
      <Filter>헤더 파일</Filter>
    </ClInclude>
    <ClInclude Include="CPageLoginPassword.h">
      <Filter>헤더 파일</Filter>
    </ClInclude>
    <ClInclude Include="CPageLoginGroup.h">
      <Filter>헤더 파일</Filter>
    </ClInclude>
    <ClInclude Include="CSheetConfigDeviceSingle.h">
      <Filter>헤더 파일</Filter>
    </ClInclude>
    <ClInclude Include="CPageConfigDeviceAddress.h">
      <Filter>헤더 파일</Filter>
    </ClInclude>
    <ClInclude Include="CPageConfigDeviceImage.h">
      <Filter>헤더 파일</Filter>
    </ClInclude>
    <ClInclude Include="CPageConfigDeviceMotor.h">
      <Filter>헤더 파일</Filter>
    </ClInclude>
    <ClInclude Include="CPageConfigDeviceOrigin.h">
      <Filter>헤더 파일</Filter>
    </ClInclude>
    <ClInclude Include="CDlgNamingAssistant.h">
      <Filter>헤더 파일</Filter>
    </ClInclude>
    <ClInclude Include="CSheetConfig.h">
      <Filter>헤더 파일</Filter>
    </ClInclude>
    <ClInclude Include="CPageConfigDeviceInterface.h">
      <Filter>헤더 파일</Filter>
    </ClInclude>
    <ClInclude Include="CPageConfigDeviceSocket.h">
      <Filter>헤더 파일</Filter>
    </ClInclude>
    <ClInclude Include="CPageConfigDeviceSerial.h">
      <Filter>헤더 파일</Filter>
    </ClInclude>
    <ClInclude Include="CPageConfigUserList.h">
      <Filter>헤더 파일</Filter>
    </ClInclude>
    <ClInclude Include="CSheetConfigDevice.h">
      <Filter>헤더 파일</Filter>
    </ClInclude>
    <ClInclude Include="CPageConfig.h">
      <Filter>헤더 파일</Filter>
    </ClInclude>
    <ClInclude Include="CInterface.h">
      <Filter>헤더 파일</Filter>
    </ClInclude>
    <ClInclude Include="CInterfaceSocket.h">
      <Filter>헤더 파일</Filter>
    </ClInclude>
    <ClInclude Include="CInterfaceSerial.h">
      <Filter>헤더 파일</Filter>
    </ClInclude>
    <ClInclude Include="CInterfaceManager.h">
      <Filter>헤더 파일</Filter>
    </ClInclude>
    <ClInclude Include="COutlookDevice.h">
      <Filter>헤더 파일</Filter>
    </ClInclude>
    <ClInclude Include="CPageConfigNetworkGeneral.h">
      <Filter>헤더 파일</Filter>
    </ClInclude>
    <ClInclude Include="CPageConfigDeviceDatabase.h">
      <Filter>헤더 파일</Filter>
    </ClInclude>
    <ClInclude Include="CDlgNoticeSystem.h">
      <Filter>헤더 파일</Filter>
    </ClInclude>
    <ClInclude Include="CDlgDevice.h">
      <Filter>헤더 파일</Filter>
    </ClInclude>
    <ClInclude Include="CDlgMotionTest.h">
      <Filter>헤더 파일</Filter>
    </ClInclude>
    <ClInclude Include="CDlgHoming.h">
      <Filter>헤더 파일</Filter>
    </ClInclude>
    <ClInclude Include="CDlgSchedule.h">
      <Filter>헤더 파일</Filter>
    </ClInclude>
    <ClInclude Include="CDlgMotionGateManager.h">
      <Filter>헤더 파일</Filter>
    </ClInclude>
    <ClInclude Include="CDlgMotionGateInform.h">
      <Filter>헤더 파일</Filter>
    </ClInclude>
    <ClInclude Include="CDlgSystemOption.h">
      <Filter>헤더 파일</Filter>
    </ClInclude>
    <ClInclude Include="CModbusAcceptedClient.h">
      <Filter>헤더 파일</Filter>
    </ClInclude>
    <ClInclude Include="CModbusServer.h">
      <Filter>헤더 파일</Filter>
    </ClInclude>
    <ClInclude Include="CPageConfigDevicePLC.h">
      <Filter>헤더 파일</Filter>
    </ClInclude>
    <ClInclude Include="CPageConfigDeviceTest.h">
      <Filter>헤더 파일</Filter>
    </ClInclude>
    <ClInclude Include="CPageRestorationSelectedMethod.h">
      <Filter>헤더 파일</Filter>
    </ClInclude>
    <ClInclude Include="CSheetSelectRestoration.h">
      <Filter>헤더 파일</Filter>
    </ClInclude>
    <ClInclude Include="CPageConfigProjectManagement.h">
      <Filter>헤더 파일</Filter>
    </ClInclude>
    <ClInclude Include="CDlgDeviceTotalConfiguration.h">
      <Filter>헤더 파일</Filter>
    </ClInclude>
    <ClInclude Include="ReferD.h">
      <Filter>헤더 파일</Filter>
    </ClInclude>
    <ClInclude Include="CDlgSystemPassword.h">
      <Filter>헤더 파일</Filter>
    </ClInclude>
    <ClInclude Include="CPageConfigDeviceControlAuthorize.h">
      <Filter>헤더 파일</Filter>
    </ClInclude>
    <ClInclude Include="CPageConfigDeviceLifeCount.h">
      <Filter>헤더 파일</Filter>
    </ClInclude>
    <ClInclude Include="ClientSocket.h">
      <Filter>헤더 파일</Filter>
    </ClInclude>
    <ClInclude Include="CDlgNetworkSearch.h">
      <Filter>헤더 파일</Filter>
    </ClInclude>
    <ClInclude Include="CDlgSaveLogData.h">
      <Filter>헤더 파일</Filter>
    </ClInclude>
    <ClInclude Include="CDlgSystemBackup.h">
      <Filter>헤더 파일</Filter>
    </ClInclude>
    <ClInclude Include="CDlgSystemHistory.h">
      <Filter>헤더 파일</Filter>
    </ClInclude>
    <ClInclude Include="CDlgRestorationAlarm.h">
      <Filter>헤더 파일</Filter>
    </ClInclude>
    <ClInclude Include="CDlgRestoreHomingAlarm.h">
      <Filter>헤더 파일</Filter>
    </ClInclude>
    <ClInclude Include="CDlgHomingControlPanel.h">
      <Filter>헤더 파일</Filter>
    </ClInclude>
    <ClInclude Include="CButtonEx.h">
      <Filter>헤더 파일</Filter>
    </ClInclude>
    <ClInclude Include="CDlgSystemManage.h">
      <Filter>헤더 파일</Filter>
    </ClInclude>
  </ItemGroup>
  <ItemGroup>
    <ClCompile Include="FAS_PER_GUI.cpp">
      <Filter>소스 파일</Filter>
    </ClCompile>
    <ClCompile Include="MainFrm.cpp">
      <Filter>소스 파일</Filter>
    </ClCompile>
    <ClCompile Include="pch.cpp">
      <Filter>소스 파일</Filter>
    </ClCompile>
    <ClCompile Include="CMonitoringManager.cpp">
      <Filter>소스 파일</Filter>
    </ClCompile>
    <ClCompile Include="CPaneDeviceInfo.cpp">
      <Filter>소스 파일</Filter>
    </ClCompile>
    <ClCompile Include="CPaneOperationLOG.cpp">
      <Filter>소스 파일</Filter>
    </ClCompile>
    <ClCompile Include="CMFCListCtrlEX.cpp">
      <Filter>소스 파일</Filter>
    </ClCompile>
    <ClCompile Include="CStaticSignalDisplay.cpp">
      <Filter>소스 파일</Filter>
    </ClCompile>
    <ClCompile Include="CMFCRibbonBarEx.cpp">
      <Filter>소스 파일</Filter>
    </ClCompile>
    <ClCompile Include="CMultiDocTemplateEx.cpp">
      <Filter>소스 파일</Filter>
    </ClCompile>
    <ClCompile Include="CStaticSignalDisplayForm.cpp">
      <Filter>소스 파일</Filter>
    </ClCompile>
    <ClCompile Include="CStaticSignalDisplayGlobalForm.cpp">
      <Filter>소스 파일</Filter>
    </ClCompile>
    <ClCompile Include="CDlgDeviceList.cpp">
      <Filter>소스 파일</Filter>
    </ClCompile>
    <ClCompile Include="CDeviceList.cpp">
      <Filter>소스 파일</Filter>
    </ClCompile>
    <ClCompile Include="CDeviceMotionGate.cpp">
      <Filter>소스 파일</Filter>
    </ClCompile>
    <ClCompile Include="CDlgDeviceEditor.cpp">
      <Filter>소스 파일</Filter>
    </ClCompile>
    <ClCompile Include="ColorStaticST.cpp">
      <Filter>소스 파일</Filter>
    </ClCompile>
    <ClCompile Include="CDlgRename.cpp">
      <Filter>소스 파일</Filter>
    </ClCompile>
    <ClCompile Include="CDataBaseManager.cpp">
      <Filter>소스 파일</Filter>
    </ClCompile>
    <ClCompile Include="CViewRestoration.cpp">
      <Filter>소스 파일</Filter>
    </ClCompile>
    <ClCompile Include="CViewBackup.cpp">
      <Filter>소스 파일</Filter>
    </ClCompile>
    <ClCompile Include="CDocDevice.cpp">
      <Filter>소스 파일</Filter>
    </ClCompile>
    <ClCompile Include="CViewDevice.cpp">
      <Filter>소스 파일</Filter>
    </ClCompile>
    <ClCompile Include="CMFCButtonEx.cpp">
      <Filter>소스 파일</Filter>
    </ClCompile>
    <ClCompile Include="CViewFactoryReset.cpp">
      <Filter>소스 파일</Filter>
    </ClCompile>
    <ClCompile Include="CViewAssign.cpp">
      <Filter>소스 파일</Filter>
    </ClCompile>
    <ClCompile Include="CMFCCaptionBarEx.cpp">
      <Filter>소스 파일</Filter>
    </ClCompile>
    <ClCompile Include="CViewDeviceConfig.cpp">
      <Filter>소스 파일</Filter>
    </ClCompile>
    <ClCompile Include="CSheetBackup.cpp">
      <Filter>소스 파일</Filter>
    </ClCompile>
    <ClCompile Include="CMFCPropertySheetEx.cpp">
      <Filter>소스 파일</Filter>
    </ClCompile>
    <ClCompile Include="CPageBackup.cpp">
      <Filter>소스 파일</Filter>
    </ClCompile>
    <ClCompile Include="CPageProject.cpp">
      <Filter>소스 파일</Filter>
    </ClCompile>
    <ClCompile Include="CSheetRestoration.cpp">
      <Filter>소스 파일</Filter>
    </ClCompile>
    <ClCompile Include="CPageRestorationMethod.cpp">
      <Filter>소스 파일</Filter>
    </ClCompile>
    <ClCompile Include="CPageRestorationConfirm.cpp">
      <Filter>소스 파일</Filter>
    </ClCompile>
    <ClCompile Include="CSheetFactoryReset.cpp">
      <Filter>소스 파일</Filter>
    </ClCompile>
    <ClCompile Include="CPageFactoryResetSelect.cpp">
      <Filter>소스 파일</Filter>
    </ClCompile>
    <ClCompile Include="CPageFactoryResetConfirm.cpp">
      <Filter>소스 파일</Filter>
    </ClCompile>
    <ClCompile Include="CSheetAssignID.cpp">
      <Filter>소스 파일</Filter>
    </ClCompile>
    <ClCompile Include="CMFCPropertyPageEx.cpp">
      <Filter>소스 파일</Filter>
    </ClCompile>
    <ClCompile Include="CPageAssignSelect.cpp">
      <Filter>소스 파일</Filter>
    </ClCompile>
    <ClCompile Include="CPageAssignConfirm.cpp">
      <Filter>소스 파일</Filter>
    </ClCompile>
    <ClCompile Include="CPageRestorationSelect.cpp">
      <Filter>소스 파일</Filter>
    </ClCompile>
    <ClCompile Include="CPageRestorationCompare.cpp">
      <Filter>소스 파일</Filter>
    </ClCompile>
    <ClCompile Include="CPageRestorationRead.cpp">
      <Filter>소스 파일</Filter>
    </ClCompile>
    <ClCompile Include="CStaticImageViewer.cpp">
      <Filter>소스 파일</Filter>
    </ClCompile>
    <ClCompile Include="CDlgManageBackup.cpp">
      <Filter>소스 파일</Filter>
    </ClCompile>
    <ClCompile Include="CSheetLogin.cpp">
      <Filter>소스 파일</Filter>
    </ClCompile>
    <ClCompile Include="CPageLoginUserID.cpp">
      <Filter>소스 파일</Filter>
    </ClCompile>
    <ClCompile Include="CPageLoginPassword.cpp">
      <Filter>소스 파일</Filter>
    </ClCompile>
    <ClCompile Include="CPageLoginGroup.cpp">
      <Filter>소스 파일</Filter>
    </ClCompile>
    <ClCompile Include="CSheetConfigDeviceSingle.cpp">
      <Filter>소스 파일</Filter>
    </ClCompile>
    <ClCompile Include="CPageConfigDeviceAddress.cpp">
      <Filter>소스 파일</Filter>
    </ClCompile>
    <ClCompile Include="CPageConfigDeviceImage.cpp">
      <Filter>소스 파일</Filter>
    </ClCompile>
    <ClCompile Include="CPageConfigDeviceMotor.cpp">
      <Filter>소스 파일</Filter>
    </ClCompile>
    <ClCompile Include="CPageConfigDeviceOrigin.cpp">
      <Filter>소스 파일</Filter>
    </ClCompile>
    <ClCompile Include="CDlgNamingAssistant.cpp">
      <Filter>소스 파일</Filter>
    </ClCompile>
    <ClCompile Include="CSheetConfig.cpp">
      <Filter>소스 파일</Filter>
    </ClCompile>
    <ClCompile Include="CPageConfigDeviceInterface.cpp">
      <Filter>소스 파일</Filter>
    </ClCompile>
    <ClCompile Include="CPageConfigDeviceSocket.cpp">
      <Filter>소스 파일</Filter>
    </ClCompile>
    <ClCompile Include="CPageConfigDeviceSerial.cpp">
      <Filter>소스 파일</Filter>
    </ClCompile>
    <ClCompile Include="CPageConfigUserList.cpp">
      <Filter>소스 파일</Filter>
    </ClCompile>
    <ClCompile Include="CSheetConfigDevice.cpp">
      <Filter>소스 파일</Filter>
    </ClCompile>
    <ClCompile Include="CPageConfig.cpp">
      <Filter>소스 파일</Filter>
    </ClCompile>
    <ClCompile Include="CInterface.cpp">
      <Filter>소스 파일</Filter>
    </ClCompile>
    <ClCompile Include="CInterfaceSocket.cpp">
      <Filter>소스 파일</Filter>
    </ClCompile>
    <ClCompile Include="CInterfaceSerial.cpp">
      <Filter>소스 파일</Filter>
    </ClCompile>
    <ClCompile Include="CInterfaceManager.cpp">
      <Filter>소스 파일</Filter>
    </ClCompile>
    <ClCompile Include="COutlookDevice.cpp">
      <Filter>소스 파일</Filter>
    </ClCompile>
    <ClCompile Include="CPageConfigNetworkGeneral.cpp">
      <Filter>소스 파일</Filter>
    </ClCompile>
    <ClCompile Include="CPageConfigDeviceDatabase.cpp">
      <Filter>소스 파일</Filter>
    </ClCompile>
    <ClCompile Include="CDlgNoticeSystem.cpp">
      <Filter>소스 파일</Filter>
    </ClCompile>
    <ClCompile Include="CDlgDevice.cpp">
      <Filter>소스 파일</Filter>
    </ClCompile>
    <ClCompile Include="CDlgMotionTest.cpp">
      <Filter>소스 파일</Filter>
    </ClCompile>
    <ClCompile Include="CDlgHoming.cpp">
      <Filter>소스 파일</Filter>
    </ClCompile>
    <ClCompile Include="CDlgSchedule.cpp">
      <Filter>소스 파일</Filter>
    </ClCompile>
    <ClCompile Include="CDlgMotionGateManager.cpp">
      <Filter>소스 파일</Filter>
    </ClCompile>
    <ClCompile Include="CDlgMotionGateInform.cpp">
      <Filter>소스 파일</Filter>
    </ClCompile>
    <ClCompile Include="CDlgSystemOption.cpp">
      <Filter>소스 파일</Filter>
    </ClCompile>
    <ClCompile Include="CModbusAcceptedClient.cpp">
      <Filter>소스 파일</Filter>
    </ClCompile>
    <ClCompile Include="CModbusServer.cpp">
      <Filter>소스 파일</Filter>
    </ClCompile>
    <ClCompile Include="CPageConfigDevicePLC.cpp">
      <Filter>소스 파일</Filter>
    </ClCompile>
    <ClCompile Include="CPageConfigDeviceTest.cpp">
      <Filter>소스 파일</Filter>
    </ClCompile>
    <ClCompile Include="CPageRestorationSelectedMethod.cpp">
      <Filter>소스 파일</Filter>
    </ClCompile>
    <ClCompile Include="CSheetSelectRestoration.cpp">
      <Filter>소스 파일</Filter>
    </ClCompile>
    <ClCompile Include="CPageConfigProjectManagement.cpp">
      <Filter>소스 파일</Filter>
    </ClCompile>
    <ClCompile Include="CDlgDeviceTotalConfiguration.cpp">
      <Filter>소스 파일</Filter>
    </ClCompile>
    <ClCompile Include="CDlgSystemPassword.cpp">
      <Filter>소스 파일</Filter>
    </ClCompile>
    <ClCompile Include="CPageConfigDeviceControlAuthorize.cpp">
      <Filter>소스 파일</Filter>
    </ClCompile>
    <ClCompile Include="CPageConfigDeviceLifeCount.cpp">
      <Filter>소스 파일</Filter>
    </ClCompile>
    <ClCompile Include="ClientSocket.cpp">
      <Filter>소스 파일</Filter>
    </ClCompile>
    <ClCompile Include="CDlgNetworkSearch.cpp">
      <Filter>소스 파일</Filter>
    </ClCompile>
    <ClCompile Include="CDlgSaveLogData.cpp">
      <Filter>소스 파일</Filter>
    </ClCompile>
    <ClCompile Include="CDlgSystemBackup.cpp">
      <Filter>소스 파일</Filter>
    </ClCompile>
    <ClCompile Include="CDlgSystemHistory.cpp">
      <Filter>소스 파일</Filter>
    </ClCompile>
    <ClCompile Include="CDlgRestorationAlarm.cpp">
      <Filter>소스 파일</Filter>
    </ClCompile>
    <ClCompile Include="CDlgRestoreHomingAlarm.cpp">
      <Filter>소스 파일</Filter>
    </ClCompile>
    <ClCompile Include="CDlgHomingControlPanel.cpp">
      <Filter>소스 파일</Filter>
    </ClCompile>
    <ClCompile Include="CButtonEx.cpp">
      <Filter>소스 파일</Filter>
    </ClCompile>
    <ClCompile Include="CDlgSystemManage.cpp">
      <Filter>소스 파일</Filter>
    </ClCompile>
  </ItemGroup>
  <ItemGroup>
    <ResourceCompile Include="FASPERGUI.rc">
      <Filter>리소스 파일</Filter>
    </ResourceCompile>
  </ItemGroup>
  <ItemGroup>
    <Image Include="res\buttons.bmp">
      <Filter>리소스 파일</Filter>
    </Image>
    <Image Include="res\filelarge.bmp">
      <Filter>리소스 파일</Filter>
    </Image>
    <Image Include="res\filesmall.bmp">
      <Filter>리소스 파일</Filter>
    </Image>
    <Image Include="res\main.bmp">
      <Filter>리소스 파일</Filter>
    </Image>
    <Image Include="res\writelarge.bmp">
      <Filter>리소스 파일</Filter>
    </Image>
    <Image Include="res\writesmall.bmp">
      <Filter>리소스 파일</Filter>
    </Image>
    <Image Include="res\FAS_PER_GUIDoc.ico">
      <Filter>리소스 파일</Filter>
    </Image>
    <Image Include="res\FAS_PER_GUI.ico">
      <Filter>리소스 파일</Filter>
    </Image>
    <Image Include="res\Toolbar.bmp">
      <Filter>리소스 파일</Filter>
    </Image>
    <Image Include="res\Toolbar256.bmp">
      <Filter>리소스 파일</Filter>
    </Image>
    <Image Include="res\bitmap1.bmp">
      <Filter>리소스 파일</Filter>
    </Image>
    <Image Include="res\DeviceStatus.bmp">
      <Filter>리소스 파일</Filter>
    </Image>
    <Image Include="res\toolbar1.bmp">
      <Filter>리소스 파일</Filter>
    </Image>
    <Image Include="res\ToolbarDeviceList.bmp">
      <Filter>리소스 파일</Filter>
    </Image>
    <Image Include="res\ToolbarLog.bmp">
      <Filter>리소스 파일</Filter>
    </Image>
    <Image Include="res\check.bmp">
      <Filter>리소스 파일</Filter>
    </Image>
    <Image Include="res\Uncheck.bmp">
      <Filter>리소스 파일</Filter>
    </Image>
    <Image Include="res\Icons32.bmp">
      <Filter>리소스 파일</Filter>
    </Image>
    <Image Include="res\FlagOn.bmp">
      <Filter>리소스 파일</Filter>
    </Image>
    <Image Include="res\flag_off.bmp">
      <Filter>리소스 파일</Filter>
    </Image>
    <Image Include="res\back.png">
      <Filter>리소스 파일</Filter>
    </Image>
    <Image Include="res\next.png">
      <Filter>리소스 파일</Filter>
    </Image>
    <Image Include="res\start.png">
      <Filter>리소스 파일</Filter>
    </Image>
    <Image Include="res\Restoration32_.bmp">
      <Filter>리소스 파일</Filter>
    </Image>
    <Image Include="res\Backup32.bmp">
      <Filter>리소스 파일</Filter>
    </Image>
    <Image Include="res\btn_sel_restore_method1.bmp">
      <Filter>리소스 파일</Filter>
    </Image>
    <Image Include="res\btn_sel_restore_method1_OFF.bmp">
      <Filter>리소스 파일</Filter>
    </Image>
    <Image Include="res\btn_restoration_method1_on.bmp">
      <Filter>리소스 파일</Filter>
    </Image>
    <Image Include="res\btn_restoration_method_on.bmp">
      <Filter>리소스 파일</Filter>
    </Image>
    <Image Include="res\btn_sel_restore_method_OFF.bmp">
      <Filter>리소스 파일</Filter>
    </Image>
    <Image Include="C:\Users\이석\Desktop\map0_off.png">
      <Filter>리소스 파일</Filter>
    </Image>
    <Image Include="C:\Users\이석\Desktop\map0_on.png">
      <Filter>리소스 파일</Filter>
    </Image>
    <Image Include="C:\Users\이석\Desktop\map0_pff.png">
      <Filter>리소스 파일</Filter>
    </Image>
    <Image Include="C:\Users\이석\Desktop\map1_off.png">
      <Filter>리소스 파일</Filter>
    </Image>
    <Image Include="C:\Users\이석\Desktop\map1_on.png">
      <Filter>리소스 파일</Filter>
    </Image>
    <Image Include="C:\Users\이석\Desktop\map2_off.png">
      <Filter>리소스 파일</Filter>
    </Image>
    <Image Include="C:\Users\이석\Desktop\map2_on.png">
      <Filter>리소스 파일</Filter>
    </Image>
    <Image Include="C:\Users\이석\Desktop\homing_off.png">
      <Filter>리소스 파일</Filter>
    </Image>
    <Image Include="C:\Users\이석\Desktop\homing_on.png">
      <Filter>리소스 파일</Filter>
    </Image>
    <Image Include="res\map0_off.png">
      <Filter>리소스 파일</Filter>
    </Image>
    <Image Include="res\map0_on.png">
      <Filter>리소스 파일</Filter>
    </Image>
    <Image Include="res\map1_off.png">
      <Filter>리소스 파일</Filter>
    </Image>
    <Image Include="res\map1_on.png">
      <Filter>리소스 파일</Filter>
    </Image>
    <Image Include="res\map2_off.png">
      <Filter>리소스 파일</Filter>
    </Image>
    <Image Include="res\map2_on.png">
      <Filter>리소스 파일</Filter>
    </Image>
    <Image Include="res\homing_off.png">
      <Filter>리소스 파일</Filter>
    </Image>
    <Image Include="res\homing_on.png">
      <Filter>리소스 파일</Filter>
    </Image>
    <Image Include="res\sheet32_.bmp">
      <Filter>리소스 파일</Filter>
    </Image>
    <Image Include="res\sheet32_Resoration1.bmp">
      <Filter>리소스 파일</Filter>
    </Image>
    <Image Include="res\Restoration0_.bmp">
      <Filter>리소스 파일</Filter>
    </Image>
    <Image Include="res\Restoration1.bmp">
      <Filter>리소스 파일</Filter>
    </Image>
    <Image Include="res\flag_small_off.bmp">
      <Filter>리소스 파일</Filter>
    </Image>
    <Image Include="res\flag_small_on.bmp">
      <Filter>리소스 파일</Filter>
    </Image>
    <Image Include="res\flag_status.bmp">
      <Filter>리소스 파일</Filter>
    </Image>
    <Image Include="res\Restoration2.bmp">
      <Filter>리소스 파일</Filter>
    </Image>
    <Image Include="res\bitmap2.bmp">
      <Filter>리소스 파일</Filter>
    </Image>
    <Image Include="res\Login.bmp">
      <Filter>리소스 파일</Filter>
    </Image>
    <Image Include="res\Login.png">
      <Filter>리소스 파일</Filter>
    </Image>
    <Image Include="res\Tree.bmp">
      <Filter>리소스 파일</Filter>
    </Image>
    <Image Include="res\icon1.ico">
      <Filter>리소스 파일</Filter>
    </Image>
    <Image Include="res\Warning.ico">
      <Filter>리소스 파일</Filter>
    </Image>
    <Image Include="res\pages_large_hc.bmp">
      <Filter>리소스 파일</Filter>
    </Image>
    <Image Include="res\page_small_hc.bmp">
      <Filter>리소스 파일</Filter>
    </Image>
    <Image Include="res\bitmap3.bmp">
      <Filter>리소스 파일</Filter>
    </Image>
    <Image Include="res\Panel_Large.bmp">
      <Filter>리소스 파일</Filter>
    </Image>
    <Image Include="res\Panel_Large.png">
      <Filter>리소스 파일</Filter>
    </Image>
    <Image Include="res\close.png">
      <Filter>리소스 파일</Filter>
    </Image>
    <Image Include="res\bitmap4.bmp">
      <Filter>리소스 파일</Filter>
    </Image>
    <Image Include="res\bitmap5.bmp">
      <Filter>리소스 파일</Filter>
    </Image>
    <Image Include="res\TotalConfig\Backup Schedule.png">
      <Filter>리소스 파일</Filter>
    </Image>
    <Image Include="res\TotalConfig\switch_on.bmp">
      <Filter>리소스 파일</Filter>
    </Image>
    <Image Include="res\TotalConfig\switch_off.bmp">
      <Filter>리소스 파일</Filter>
    </Image>
    <Image Include="res\icon2.ico">
      <Filter>리소스 파일</Filter>
    </Image>
    <Image Include="res\TotalConfig\Config.png">
      <Filter>리소스 파일</Filter>
    </Image>
    <Image Include="res\TotalConfig\Config.bmp">
      <Filter>리소스 파일</Filter>
    </Image>
    <Image Include="res\Toolbar\ip.bmp">
      <Filter>리소스 파일</Filter>
    </Image>
    <Image Include="res\Toolbar\timing-belt.bmp">
      <Filter>리소스 파일</Filter>
    </Image>
    <Image Include="res\Toolbar\motor.bmp">
      <Filter>리소스 파일</Filter>
    </Image>
    <Image Include="res\Toolbar\list_1.bmp">
      <Filter>리소스 파일</Filter>
    </Image>
    <Image Include="res\Toolbar\list_2.bmp">
      <Filter>리소스 파일</Filter>
    </Image>
    <Image Include="res\Toolbar\list_3.bmp">
      <Filter>리소스 파일</Filter>
    </Image>
    <Image Include="res\Toolbar\merge.bmp">
      <Filter>리소스 파일</Filter>
    </Image>
    <Image Include="res\bmp00001.bmp">
      <Filter>리소스 파일</Filter>
    </Image>
    <Image Include="res\bmp00002.bmp">
      <Filter>리소스 파일</Filter>
    </Image>
    <Image Include="res\bitmap12.bmp">
      <Filter>리소스 파일</Filter>
    </Image>
    <Image Include="res\Toolbar\select-all.bmp">
      <Filter>리소스 파일</Filter>
    </Image>
    <Image Include="res\Toolbar\_all.bmp">
      <Filter>리소스 파일</Filter>
    </Image>
    <Image Include="res\Toolbar\Log.bmp">
      <Filter>리소스 파일</Filter>
    </Image>
    <Image Include="res\Toolbar\all3.bmp">
      <Filter>리소스 파일</Filter>
    </Image>
    <Image Include="res\Toolbar\select.bmp">
      <Filter>리소스 파일</Filter>
    </Image>
    <Image Include="res\Toolbar\select2.bmp">
      <Filter>리소스 파일</Filter>
    </Image>
    <Image Include="res\Toolbar\finger.bmp">
      <Filter>리소스 파일</Filter>
    </Image>
    <Image Include="res\Toolbar\warning.bmp">
      <Filter>리소스 파일</Filter>
    </Image>
    <Image Include="res\Toolbar\warning2.bmp">
      <Filter>리소스 파일</Filter>
    </Image>
    <Image Include="res\Toolbar\error.bmp">
      <Filter>리소스 파일</Filter>
    </Image>
    <Image Include="res\TotalConfig\down_direction.bmp">
      <Filter>리소스 파일</Filter>
    </Image>
    <Image Include="res\NetworkSearching.bmp">
      <Filter>리소스 파일</Filter>
    </Image>
    <Image Include="res\toolbar2.bmp">
      <Filter>리소스 파일</Filter>
    </Image>
    <Image Include="res\bitmap6.bmp">
      <Filter>리소스 파일</Filter>
    </Image>
    <Image Include="res\bitmap7.bmp">
      <Filter>리소스 파일</Filter>
    </Image>
    <Image Include="res\icon3.ico">
      <Filter>리소스 파일</Filter>
    </Image>
    <Image Include="res\BackupManage.ico">
      <Filter>리소스 파일</Filter>
    </Image>
    <Image Include="res\TotalConfig\BackupManage.ico">
      <Filter>리소스 파일</Filter>
    </Image>
    <Image Include="res\TotalConfig\Config.ico">
      <Filter>리소스 파일</Filter>
    </Image>
    <Image Include="res\TotalConfig\Schedule.ico">
      <Filter>리소스 파일</Filter>
    </Image>
    <Image Include="res\TotalConfig\System_BackupManage.ico">
      <Filter>리소스 파일</Filter>
    </Image>
    <Image Include="res\TotalConfig\System_BatchBackup.ico">
      <Filter>리소스 파일</Filter>
    </Image>
    <Image Include="res\TotalConfig\System_Compare.ico">
      <Filter>리소스 파일</Filter>
    </Image>
    <Image Include="res\TotalConfig\System_History.ico">
      <Filter>리소스 파일</Filter>
    </Image>
    <Image Include="res\bitmap_d.bmp">
      <Filter>리소스 파일</Filter>
    </Image>
    <Image Include="res\bmp00003.bmp">
      <Filter>리소스 파일</Filter>
    </Image>
    <Image Include="res\TotalConfig\Homing.png">
      <Filter>리소스 파일</Filter>
    </Image>
    <Image Include="res\bmp00004.bmp">
      <Filter>리소스 파일</Filter>
    </Image>
    <Image Include="res\bitmap8.bmp">
      <Filter>리소스 파일</Filter>
    </Image>
    <Image Include="res\TotalConfig\Homing.bmp.bmp">
      <Filter>리소스 파일</Filter>
    </Image>
    <Image Include="res\device_h.bmp">
      <Filter>리소스 파일</Filter>
    </Image>
    <Image Include="res\bmp00005.bmp">
      <Filter>리소스 파일</Filter>
    </Image>
    <Image Include="res\TotalConfig\homing_ready.bmp">
      <Filter>리소스 파일</Filter>
    </Image>
    <Image Include="res\TotalConfig\homing_done.bmp">
      <Filter>리소스 파일</Filter>
    </Image>
    <Image Include="res\TotalConfig\homing_fail.bmp">
      <Filter>리소스 파일</Filter>
    </Image>
    <Image Include="res\TotalConfig\homing_progress.bmp">
      <Filter>리소스 파일</Filter>
    </Image>
    <Image Include="res\TotalConfig\password.bmp">
      <Filter>리소스 파일</Filter>
    </Image>
  </ItemGroup>
  <ItemGroup>
    <None Include="res\ribbon.mfcribbon-ms">
      <Filter>리소스 파일</Filter>
    </None>
    <None Include="res\FASPERGUI.rc2">
      <Filter>리소스 파일</Filter>
    </None>
    <None Include="resource.hm">
      <Filter>헤더 파일</Filter>
    </None>
  </ItemGroup>
</Project>